
Microsoft Visual Studio Solution File, Format Version 12.00
# Visual Studio Version 16
VisualStudioVersion = 16.0.31112.23
MinimumVisualStudioVersion = 10.0.40219.1
Project("{9A19103F-16F7-4668-BE54-9A1E7A4F7556}") = "WebAppSistemaVeterinaria", "WebAppSistemaVeterinaria\WebAppSistemaVeterinaria.csproj", "{3C77546B-05EE-4DC1-B68A-4F983AB21E2F}"
EndProject
Project("{9A19103F-16F7-4668-BE54-9A1E7A4F7556}") = "VeterianariaLibraries", "VeterianariaLibraries\VeterianariaLibraries.csproj", "{74D30D99-47D1-4B9F-AE37-A7371B8BF484}"
EndProject
Global
	GlobalSection(SolutionConfigurationPlatforms) = preSolution
		Debug|Any CPU = Debug|Any CPU
		Release|Any CPU = Release|Any CPU
	EndGlobalSection
	GlobalSection(ProjectConfigurationPlatforms) = postSolution
		{3C77546B-05EE-4DC1-B68A-4F983AB21E2F}.Debug|Any CPU.ActiveCfg = Debug|Any CPU
		{3C77546B-05EE-4DC1-B68A-4F983AB21E2F}.Debug|Any CPU.Build.0 = Debug|Any CPU
		{3C77546B-05EE-4DC1-B68A-4F983AB21E2F}.Release|Any CPU.ActiveCfg = Release|Any CPU
		{3C77546B-05EE-4DC1-B68A-4F983AB21E2F}.Release|Any CPU.Build.0 = Release|Any CPU
		{74D30D99-47D1-4B9F-AE37-A7371B8BF484}.Debug|Any CPU.ActiveCfg = Debug|Any CPU
		{74D30D99-47D1-4B9F-AE37-A7371B8BF484}.Debug|Any CPU.Build.0 = Debug|Any CPU
		{74D30D99-47D1-4B9F-AE37-A7371B8BF484}.Release|Any CPU.ActiveCfg = Release|Any CPU
		{74D30D99-47D1-4B9F-AE37-A7371B8BF484}.Release|Any CPU.Build.0 = Release|Any CPU
	EndGlobalSection
	GlobalSection(SolutionProperties) = preSolution
		HideSolutionNode = FALSE
	EndGlobalSection
	GlobalSection(ExtensibilityGlobals) = postSolution
		SolutionGuid = {34779929-0E36-4C85-BD18-706150A4B7D5}
	EndGlobalSection
EndGlobal
